
Microsoft Visual Studio Solution File, Format Version 12.00
# Visual Studio 15
VisualStudioVersion = 15.0.27130.2036
MinimumVisualStudioVersion = 10.0.40219.1
Project("{D954291E-2A0B-460D-934E-DC6B0785DB48}") = "D365AppInsights.Shared", "D365AppInsights.Shared\D365AppInsights.Shared.shproj", "{9ADCA6A3-54D2-4816-BF5E-E418ED3764EB}"
EndProject
Project("{FAE04EC0-301F-11D3-BF4B-00C04F79EFBC}") = "D365AppInsights.NuGet", "D365AppInsights.NuGet\D365AppInsights.NuGet.csproj", "{AEA3D3AD-56C4-4811-806B-DE563E248138}"
EndProject
Project("{2150E333-8FDC-42A3-9474-1A3956D46DE8}") = ".NuGetPack", ".NuGetPack", "{456C692D-1534-4876-BC80-59D986398091}"
	ProjectSection(SolutionItems) = preProject
		Tools\nuget.exe = Tools\nuget.exe
		Tools\NuGetPack.exe = Tools\NuGetPack.exe
		.NuGetPack\NupkgWrench.exe = .NuGetPack\NupkgWrench.exe
	EndProjectSection
EndProject
Project("{FAE04EC0-301F-11D3-BF4B-00C04F79EFBC}") = "D365AppInsights.Action", "D365AppInsights.Action\D365AppInsights.Action.csproj", "{9A5277E5-7184-4726-91D5-9B201F1811BF}"
EndProject
Project("{FAE04EC0-301F-11D3-BF4B-00C04F79EFBC}") = "D365AppInsights.Workflow", "D365AppInsights.Workflow\D365AppInsights.Workflow.csproj", "{AD22DE1A-5502-46C9-92CD-DB55626BA765}"
EndProject
Project("{FAE04EC0-301F-11D3-BF4B-00C04F79EFBC}") = "D365AppInsights.Action.Tests", "D365AppInsights.Action.Tests\D365AppInsights.Action.Tests.csproj", "{878A80CF-1B96-4858-A704-4D974580FB73}"
EndProject
Project("{FAE04EC0-301F-11D3-BF4B-00C04F79EFBC}") = "D365AppInsights.Shared.Tests", "D365AppInsights.Shared.Tests\D365AppInsights.Shared.Tests.csproj", "{45C18ACD-4467-4883-AEE8-3FBA137673A4}"
EndProject
Project("{FAE04EC0-301F-11D3-BF4B-00C04F79EFBC}") = "D365AppInsights.Workflow.Tests", "D365AppInsights.Workflow.Tests\D365AppInsights.Workflow.Tests.csproj", "{27C0F6FA-1B9B-431F-AFBD-1F7F0EBA9AE0}"
EndProject
Project("{D954291E-2A0B-460D-934E-DC6B0785DB48}") = "D365AppInsights.Shared.Tests.Common", "D365AppInsights.Shared.Tests.Common\D365AppInsights.Shared.Tests.Common.shproj", "{5A5E6D7D-6AA9-45E4-A251-19F592B431D6}"
EndProject
Project("{2150E333-8FDC-42A3-9474-1A3956D46DE8}") = "Assets", "Assets", "{DBA9412D-F69B-4E9B-89BE-B8931D8B56C8}"
	ProjectSection(SolutionItems) = preProject
		Assets\logo.png = Assets\logo.png
	EndProjectSection
EndProject
Global
	GlobalSection(SharedMSBuildProjectFiles) = preSolution
		D365AppInsights.Shared\D365AppInsights.Shared.projitems*{27c0f6fa-1b9b-431f-afbd-1f7f0eba9ae0}*SharedItemsImports = 4
		D365AppInsights.Shared.Tests.Common\D365AppInsights.Shared.Tests.Common.projitems*{45c18acd-4467-4883-aee8-3fba137673a4}*SharedItemsImports = 4
		D365AppInsights.Shared\D365AppInsights.Shared.projitems*{45c18acd-4467-4883-aee8-3fba137673a4}*SharedItemsImports = 4
		D365AppInsights.Shared.Tests.Common\D365AppInsights.Shared.Tests.Common.projitems*{5a5e6d7d-6aa9-45e4-a251-19f592b431d6}*SharedItemsImports = 13
		D365AppInsights.Shared.Tests.Common\D365AppInsights.Shared.Tests.Common.projitems*{878a80cf-1b96-4858-a704-4d974580fb73}*SharedItemsImports = 4
		D365AppInsights.Shared\D365AppInsights.Shared.projitems*{9a5277e5-7184-4726-91d5-9b201f1811bf}*SharedItemsImports = 4
		D365AppInsights.Shared\D365AppInsights.Shared.projitems*{9adca6a3-54d2-4816-bf5e-e418ed3764eb}*SharedItemsImports = 13
		D365AppInsights.Shared\D365AppInsights.Shared.projitems*{ad22de1a-5502-46c9-92cd-db55626ba765}*SharedItemsImports = 4
	EndGlobalSection
	GlobalSection(SolutionConfigurationPlatforms) = preSolution
		Debug|Any CPU = Debug|Any CPU
		Release|Any CPU = Release|Any CPU
	EndGlobalSection
	GlobalSection(ProjectConfigurationPlatforms) = postSolution
		{AEA3D3AD-56C4-4811-806B-DE563E248138}.Debug|Any CPU.ActiveCfg = Debug|Any CPU
		{AEA3D3AD-56C4-4811-806B-DE563E248138}.Debug|Any CPU.Build.0 = Debug|Any CPU
		{AEA3D3AD-56C4-4811-806B-DE563E248138}.Release|Any CPU.ActiveCfg = Release|Any CPU
		{AEA3D3AD-56C4-4811-806B-DE563E248138}.Release|Any CPU.Build.0 = Release|Any CPU
		{9A5277E5-7184-4726-91D5-9B201F1811BF}.Debug|Any CPU.ActiveCfg = Debug|Any CPU
		{9A5277E5-7184-4726-91D5-9B201F1811BF}.Debug|Any CPU.Build.0 = Debug|Any CPU
		{9A5277E5-7184-4726-91D5-9B201F1811BF}.Release|Any CPU.ActiveCfg = Release|Any CPU
		{9A5277E5-7184-4726-91D5-9B201F1811BF}.Release|Any CPU.Build.0 = Release|Any CPU
		{AD22DE1A-5502-46C9-92CD-DB55626BA765}.Debug|Any CPU.ActiveCfg = Debug|Any CPU
		{AD22DE1A-5502-46C9-92CD-DB55626BA765}.Debug|Any CPU.Build.0 = Debug|Any CPU
		{AD22DE1A-5502-46C9-92CD-DB55626BA765}.Release|Any CPU.ActiveCfg = Release|Any CPU
		{AD22DE1A-5502-46C9-92CD-DB55626BA765}.Release|Any CPU.Build.0 = Release|Any CPU
		{878A80CF-1B96-4858-A704-4D974580FB73}.Debug|Any CPU.ActiveCfg = Debug|Any CPU
		{878A80CF-1B96-4858-A704-4D974580FB73}.Debug|Any CPU.Build.0 = Debug|Any CPU
		{878A80CF-1B96-4858-A704-4D974580FB73}.Release|Any CPU.ActiveCfg = Release|Any CPU
		{878A80CF-1B96-4858-A704-4D974580FB73}.Release|Any CPU.Build.0 = Release|Any CPU
		{45C18ACD-4467-4883-AEE8-3FBA137673A4}.Debug|Any CPU.ActiveCfg = Debug|Any CPU
		{45C18ACD-4467-4883-AEE8-3FBA137673A4}.Debug|Any CPU.Build.0 = Debug|Any CPU
		{45C18ACD-4467-4883-AEE8-3FBA137673A4}.Release|Any CPU.ActiveCfg = Release|Any CPU
		{45C18ACD-4467-4883-AEE8-3FBA137673A4}.Release|Any CPU.Build.0 = Release|Any CPU
		{27C0F6FA-1B9B-431F-AFBD-1F7F0EBA9AE0}.Debug|Any CPU.ActiveCfg = Debug|Any CPU
		{27C0F6FA-1B9B-431F-AFBD-1F7F0EBA9AE0}.Debug|Any CPU.Build.0 = Debug|Any CPU
		{27C0F6FA-1B9B-431F-AFBD-1F7F0EBA9AE0}.Release|Any CPU.ActiveCfg = Release|Any CPU
		{27C0F6FA-1B9B-431F-AFBD-1F7F0EBA9AE0}.Release|Any CPU.Build.0 = Release|Any CPU
	EndGlobalSection
	GlobalSection(SolutionProperties) = preSolution
		HideSolutionNode = FALSE
	EndGlobalSection
	GlobalSection(ExtensibilityGlobals) = postSolution
		SolutionGuid = {0B4183B3-7016-4F1C-A0A0-970FD716AE86}
	EndGlobalSection
EndGlobal
